// !$*UTF8*$!
{
	archiveVersion = 1;
	classes = {
	};
	objectVersion = 77;
	objects = {

/* Begin PBXBuildFile section */
		491EDA5324E37E34008E58CB /* SelectTemplateController.swift in Sources */ = {isa = PBXBuildFile; fileRef = 491EDA5224E37E34008E58CB /* SelectTemplateController.swift */; };
		492722AC24CF89C200819E32 /* InfoWindowController.swift in Sources */ = {isa = PBXBuildFile; fileRef = 49AACD5F24CE303E0081DD4A /* InfoWindowController.swift */; };
		493074172BF09624001FFB76 /* TemplateDocument.swift in Sources */ = {isa = PBXBuildFile; fileRef = 493074162BF09624001FFB76 /* TemplateDocument.swift */; };
		4952BD4C26DD9356005DB6EB /* CSV in Frameworks */ = {isa = PBXBuildFile; productRef = 4952BD4B26DD9356005DB6EB /* CSV */; };
		496107642DC0E71000D73B44 /* TemplateEditor in Frameworks */ = {isa = PBXBuildFile; productRef = 496107632DC0E71000D73B44 /* TemplateEditor */; };
		4962BCD324C6D19A00990DA0 /* OpenPanelDelegate.swift in Sources */ = {isa = PBXBuildFile; fileRef = 4962BCD224C6D19A00990DA0 /* OpenPanelDelegate.swift */; };
		49655DF824DE6D5600D6AFF6 /* ResourceDocument.swift in Sources */ = {isa = PBXBuildFile; fileRef = 49655DF724DE6D5600D6AFF6 /* ResourceDocument.swift */; };
		49655DFA24DE6DA200D6AFF6 /* ResourceExtension.swift in Sources */ = {isa = PBXBuildFile; fileRef = 49655DF924DE6DA200D6AFF6 /* ResourceExtension.swift */; };
		49655DFC24DF94B500D6AFF6 /* ResourceDirectory.swift in Sources */ = {isa = PBXBuildFile; fileRef = 49655DFB24DF94B500D6AFF6 /* ResourceDirectory.swift */; };
		496669C12A8B5D71008DCC36 /* ExtendedFormat.swift in Sources */ = {isa = PBXBuildFile; fileRef = 496669C02A8B5D71008DCC36 /* ExtendedFormat.swift */; };
		4968368924F224FB009BDBBE /* ResourceItem.xib in Resources */ = {isa = PBXBuildFile; fileRef = B2B3CEA816B9DCE90027F33F /* ResourceItem.xib */; };
		4968C03724C67B6E00716AB9 /* ApplicationDelegate.swift in Sources */ = {isa = PBXBuildFile; fileRef = 49F6C76124C577440078EB55 /* ApplicationDelegate.swift */; };
		4968C03B24C6808200716AB9 /* EditorManager.swift in Sources */ = {isa = PBXBuildFile; fileRef = 4968C03424C66D8B00716AB9 /* EditorManager.swift */; };
		497A93DE255F371100900C7B /* SelectTemplate.xib in Resources */ = {isa = PBXBuildFile; fileRef = 497A93E0255F371100900C7B /* SelectTemplate.xib */; };
		498001B12DC05A6F006C39BE /* DialogEditor in Frameworks */ = {isa = PBXBuildFile; productRef = 498001B02DC05A6F006C39BE /* DialogEditor */; };
		4982C09E2A97F653006B7404 /* AppleSingleFormat.swift in Sources */ = {isa = PBXBuildFile; fileRef = 4982C09D2A97F653006B7404 /* AppleSingleFormat.swift */; };
		4982C0AA2A9844BB006B7404 /* AppleDoubleFormat.swift in Sources */ = {isa = PBXBuildFile; fileRef = 4982C0A92A9844BB006B7404 /* AppleDoubleFormat.swift */; };
		498F2D712A9344AF001EC34E /* MacBinaryFormat.swift in Sources */ = {isa = PBXBuildFile; fileRef = 498F2D702A9344AF001EC34E /* MacBinaryFormat.swift */; };
		499216EE24CB914F0054A390 /* CreateResourceController.swift in Sources */ = {isa = PBXBuildFile; fileRef = 499216ED24CB914F0054A390 /* CreateResourceController.swift */; };
		4992491A26C3B527005F69A7 /* TypeAttributesEditor.swift in Sources */ = {isa = PBXBuildFile; fileRef = 4992491926C3B527005F69A7 /* TypeAttributesEditor.swift */; };
		49964E1924D12FFC00BAB902 /* ResourceDataSource.swift in Sources */ = {isa = PBXBuildFile; fileRef = 49964E1824D12FFC00BAB902 /* ResourceDataSource.swift */; };
		4996B90925DB6C2F0027FA39 /* Credits.rtf in Resources */ = {isa = PBXBuildFile; fileRef = 4996B90725DB6C2F0027FA39 /* Credits.rtf */; };
		49AA1E662DC06EA80065E1C7 /* SupportRegistry.swift in Sources */ = {isa = PBXBuildFile; fileRef = 4968C03E24C78D7400716AB9 /* SupportRegistry.swift */; };
		49AA91E02DC08054007944F6 /* NovaTools in Frameworks */ = {isa = PBXBuildFile; productRef = 49AA91DF2DC08054007944F6 /* NovaTools */; };
		49AA91E22DC08B89007944F6 /* ImageEditor in Frameworks */ = {isa = PBXBuildFile; productRef = 49AA91E12DC08B89007944F6 /* ImageEditor */; };
		49AA91E42DC08DE1007944F6 /* MenuEditor in Frameworks */ = {isa = PBXBuildFile; productRef = 49AA91E32DC08DE1007944F6 /* MenuEditor */; };
		49AA91E62DC08EC2007944F6 /* SoundEditor in Frameworks */ = {isa = PBXBuildFile; productRef = 49AA91E52DC08EC2007944F6 /* SoundEditor */; };
		49AA91FE2DC0A902007944F6 /* RFSupport in Frameworks */ = {isa = PBXBuildFile; productRef = 49AA91FD2DC0A902007944F6 /* RFSupport */; };
		49D6D349271BAA9F002DEA97 /* OrderedCollections in Frameworks */ = {isa = PBXBuildFile; productRef = 49D6D348271BAA9F002DEA97 /* OrderedCollections */; };
		49DB6A1C24F375A100BE0F0F /* OutlineController.swift in Sources */ = {isa = PBXBuildFile; fileRef = 49DB6A1B24F375A100BE0F0F /* OutlineController.swift */; };
		49DB6A1E24F377A400BE0F0F /* CollectionController.swift in Sources */ = {isa = PBXBuildFile; fileRef = 49DB6A1D24F377A400BE0F0F /* CollectionController.swift */; };
		49E56F7C26DA22FB005FA18B /* ConflictResolver.swift in Sources */ = {isa = PBXBuildFile; fileRef = 49E56F7B26DA22FB005FA18B /* ConflictResolver.swift */; };
		49F2EAA526D50F4B0020D70E /* BulkController.swift in Sources */ = {isa = PBXBuildFile; fileRef = 49E7A3B926D0E59100EF885F /* BulkController.swift */; };
		49F2EAAB26D5AB5E0020D70E /* StandardController.swift in Sources */ = {isa = PBXBuildFile; fileRef = 49F2EAAA26D5AB5E0020D70E /* StandardController.swift */; };
		49F416EB2879330400404BA1 /* ImportPanel.swift in Sources */ = {isa = PBXBuildFile; fileRef = 49F416E22879330400404BA1 /* ImportPanel.swift */; };
		49F4648D2E487A15003C732F /* HexFiend.framework in Frameworks */ = {isa = PBXBuildFile; fileRef = 49F464802E4879EC003C732F /* HexFiend.framework */; };
		49F4648E2E487A15003C732F /* HexFiend.framework in Embed Frameworks */ = {isa = PBXBuildFile; fileRef = 49F464802E4879EC003C732F /* HexFiend.framework */; settings = {ATTRIBUTES = (CodeSignOnCopy, RemoveHeadersOnCopy, ); }; };
		49F464952E487B72003C732F /* HexEditor.swift in Sources */ = {isa = PBXBuildFile; fileRef = 49F464922E487B72003C732F /* HexEditor.swift */; };
		49F464962E487B72003C732F /* HexWindow.xib in Resources */ = {isa = PBXBuildFile; fileRef = 49F464932E487B72003C732F /* HexWindow.xib */; };
		49F56FCE2A830C4E00953A17 /* ClassicFormat.swift in Sources */ = {isa = PBXBuildFile; fileRef = 49F56FCD2A830C4E00953A17 /* ClassicFormat.swift */; };
		49F570032A844EFF00953A17 /* ResourceFileFormat.swift in Sources */ = {isa = PBXBuildFile; fileRef = 49F570022A844EFF00953A17 /* ResourceFileFormat.swift */; };
		49F570062A845D5E00953A17 /* RezFormat.swift in Sources */ = {isa = PBXBuildFile; fileRef = 49F570052A845D5E00953A17 /* RezFormat.swift */; };
		49F6C76324C579820078EB55 /* PrefsController.swift in Sources */ = {isa = PBXBuildFile; fileRef = 49F6C76024C577430078EB55 /* PrefsController.swift */; };
		559DE9B4189D665000D55D3A /* Assets.xcassets in Resources */ = {isa = PBXBuildFile; fileRef = 559DE9B3189D665000D55D3A /* Assets.xcassets */; };
		B229EEF515A4FB6F0032C12C /* MainMenu.xib in Resources */ = {isa = PBXBuildFile; fileRef = B229EEEA15A4FB6F0032C12C /* MainMenu.xib */; };
		B229EEF615A4FB6F0032C12C /* CreateResource.xib in Resources */ = {isa = PBXBuildFile; fileRef = B229EEEC15A4FB6F0032C12C /* CreateResource.xib */; };
		B229EEF715A4FB6F0032C12C /* InfoWindow.xib in Resources */ = {isa = PBXBuildFile; fileRef = B229EEEE15A4FB6F0032C12C /* InfoWindow.xib */; };
		B229EEF815A4FB6F0032C12C /* PrefsWindow.xib in Resources */ = {isa = PBXBuildFile; fileRef = B229EEF015A4FB6F0032C12C /* PrefsWindow.xib */; };
		B229EEF915A4FB6F0032C12C /* ResourceDocument.xib in Resources */ = {isa = PBXBuildFile; fileRef = B229EEF215A4FB6F0032C12C /* ResourceDocument.xib */; };
/* End PBXBuildFile section */

/* Begin PBXContainerItemProxy section */
		49F4647D2E4879EC003C732F /* PBXContainerItemProxy */ = {
			isa = PBXContainerItemProxy;
			containerPortal = 49F464712E4879EC003C732F /* HexFiend_2.xcodeproj */;
			proxyType = 2;
			remoteGlobalIDString = 8D1107320486CEB800E47090;
			remoteInfo = HexFiend_2;
		};
		49F4647F2E4879EC003C732F /* PBXContainerItemProxy */ = {
			isa = PBXContainerItemProxy;
			containerPortal = 49F464712E4879EC003C732F /* HexFiend_2.xcodeproj */;
			proxyType = 2;
			remoteGlobalIDString = D01E7BB80CDC530C00943F9E;
			remoteInfo = HexFiend_Framework;
		};
		49F464812E4879EC003C732F /* PBXContainerItemProxy */ = {
			isa = PBXContainerItemProxy;
			containerPortal = 49F464712E4879EC003C732F /* HexFiend_2.xcodeproj */;
			proxyType = 2;
			remoteGlobalIDString = A5EF294A20F187B700CA7B39;
			remoteInfo = HexFiend_Framework_iOS;
		};
		49F464832E4879EC003C732F /* PBXContainerItemProxy */ = {
			isa = PBXContainerItemProxy;
			containerPortal = 49F464712E4879EC003C732F /* HexFiend_2.xcodeproj */;
			proxyType = 2;
			remoteGlobalIDString = D047E3151022CEFE00EF307B;
			remoteInfo = "FortunateSon (PrivilegedHelper)";
		};
		49F464852E4879EC003C732F /* PBXContainerItemProxy */ = {
			isa = PBXContainerItemProxy;
			containerPortal = 49F464712E4879EC003C732F /* HexFiend_2.xcodeproj */;
			proxyType = 2;
			remoteGlobalIDString = D00C15E50FF091FF006D021F;
			remoteInfo = HexFiendling;
		};
		49F464872E4879EC003C732F /* PBXContainerItemProxy */ = {
			isa = PBXContainerItemProxy;
			containerPortal = 49F464712E4879EC003C732F /* HexFiend_2.xcodeproj */;
			proxyType = 2;
			remoteGlobalIDString = 9408FBFA19DD72DE004F800E;
			remoteInfo = "HexFiend_Framework Tests";
		};
		49F464892E4879EC003C732F /* PBXContainerItemProxy */ = {
			isa = PBXContainerItemProxy;
			containerPortal = 49F464712E4879EC003C732F /* HexFiend_2.xcodeproj */;
			proxyType = 2;
			remoteGlobalIDString = A550A7161F7877F8001C79C7;
			remoteInfo = hexf;
		};
		49F4648B2E4879EC003C732F /* PBXContainerItemProxy */ = {
			isa = PBXContainerItemProxy;
			containerPortal = 49F464712E4879EC003C732F /* HexFiend_2.xcodeproj */;
			proxyType = 2;
			remoteGlobalIDString = A50859A72B204C8100325B36;
			remoteInfo = "Hex Fiend Tests";
		};
/* End PBXContainerItemProxy section */

/* Begin PBXCopyFilesBuildPhase section */
		49F4648F2E487A15003C732F /* Embed Frameworks */ = {
			isa = PBXCopyFilesBuildPhase;
			buildActionMask = 2147483647;
			dstPath = "";
			dstSubfolderSpec = 10;
			files = (
				49F4648E2E487A15003C732F /* HexFiend.framework in Embed Frameworks */,
			);
			name = "Embed Frameworks";
			runOnlyForDeploymentPostprocessing = 0;
		};
		E1EAB18D06A20EEB0041EE35 /* Copy Plugins */ = {
			isa = PBXCopyFilesBuildPhase;
			buildActionMask = 2147483647;
			dstPath = "";
			dstSubfolderSpec = 13;
			files = (
			);
			name = "Copy Plugins";
			runOnlyForDeploymentPostprocessing = 0;
		};
/* End PBXCopyFilesBuildPhase section */

/* Begin PBXFileReference section */
		491EDA5224E37E34008E58CB /* SelectTemplateController.swift */ = {isa = PBXFileReference; lastKnownFileType = sourcecode.swift; path = SelectTemplateController.swift; sourceTree = "<group>"; usesTabs = 0; };
		493074162BF09624001FFB76 /* TemplateDocument.swift */ = {isa = PBXFileReference; lastKnownFileType = sourcecode.swift; path = TemplateDocument.swift; sourceTree = "<group>"; };
		4962BCD224C6D19A00990DA0 /* OpenPanelDelegate.swift */ = {isa = PBXFileReference; lastKnownFileType = sourcecode.swift; path = OpenPanelDelegate.swift; sourceTree = "<group>"; usesTabs = 0; };
		49655DF724DE6D5600D6AFF6 /* ResourceDocument.swift */ = {isa = PBXFileReference; lastKnownFileType = sourcecode.swift; path = ResourceDocument.swift; sourceTree = "<group>"; usesTabs = 0; };
		49655DF924DE6DA200D6AFF6 /* ResourceExtension.swift */ = {isa = PBXFileReference; lastKnownFileType = sourcecode.swift; path = ResourceExtension.swift; sourceTree = "<group>"; usesTabs = 0; };
		49655DFB24DF94B500D6AFF6 /* ResourceDirectory.swift */ = {isa = PBXFileReference; lastKnownFileType = sourcecode.swift; path = ResourceDirectory.swift; sourceTree = "<group>"; usesTabs = 0; };
		496669C02A8B5D71008DCC36 /* ExtendedFormat.swift */ = {isa = PBXFileReference; lastKnownFileType = sourcecode.swift; path = ExtendedFormat.swift; sourceTree = "<group>"; usesTabs = 0; };
		4968C03424C66D8B00716AB9 /* EditorManager.swift */ = {isa = PBXFileReference; lastKnownFileType = sourcecode.swift; path = EditorManager.swift; sourceTree = "<group>"; usesTabs = 0; };
		4968C03E24C78D7400716AB9 /* SupportRegistry.swift */ = {isa = PBXFileReference; fileEncoding = 4; lastKnownFileType = sourcecode.swift; path = SupportRegistry.swift; sourceTree = "<group>"; usesTabs = 0; };
		497A93DF255F371100900C7B /* Base */ = {isa = PBXFileReference; lastKnownFileType = file.xib; name = Base; path = Base.lproj/SelectTemplate.xib; sourceTree = "<group>"; };
		498001AB2DC0568E006C39BE /* .gitignore */ = {isa = PBXFileReference; lastKnownFileType = text; path = .gitignore; sourceTree = "<group>"; };
		4982C09D2A97F653006B7404 /* AppleSingleFormat.swift */ = {isa = PBXFileReference; lastKnownFileType = sourcecode.swift; path = AppleSingleFormat.swift; sourceTree = "<group>"; usesTabs = 0; };
		4982C0A92A9844BB006B7404 /* AppleDoubleFormat.swift */ = {isa = PBXFileReference; lastKnownFileType = sourcecode.swift; path = AppleDoubleFormat.swift; sourceTree = "<group>"; usesTabs = 0; };
		498A02C225C3E4B500783776 /* README.md */ = {isa = PBXFileReference; lastKnownFileType = net.daringfireball.markdown; path = README.md; sourceTree = "<group>"; };
		498F2D702A9344AF001EC34E /* MacBinaryFormat.swift */ = {isa = PBXFileReference; lastKnownFileType = sourcecode.swift; path = MacBinaryFormat.swift; sourceTree = "<group>"; usesTabs = 0; };
		499216ED24CB914F0054A390 /* CreateResourceController.swift */ = {isa = PBXFileReference; lastKnownFileType = sourcecode.swift; path = CreateResourceController.swift; sourceTree = "<group>"; usesTabs = 0; };
		4992491926C3B527005F69A7 /* TypeAttributesEditor.swift */ = {isa = PBXFileReference; lastKnownFileType = sourcecode.swift; path = TypeAttributesEditor.swift; sourceTree = "<group>"; usesTabs = 0; };
		49964E1824D12FFC00BAB902 /* ResourceDataSource.swift */ = {isa = PBXFileReference; lastKnownFileType = sourcecode.swift; path = ResourceDataSource.swift; sourceTree = "<group>"; usesTabs = 0; };
		4996B8F425DB6AC80027FA39 /* LICENSE */ = {isa = PBXFileReference; lastKnownFileType = text; path = LICENSE; sourceTree = "<group>"; };
		4996B91125DB6C870027FA39 /* en */ = {isa = PBXFileReference; lastKnownFileType = text.rtf; name = en; path = en.lproj/Credits.rtf; sourceTree = "<group>"; };
		49AA91DE2DC07F7E007944F6 /* Plugins */ = {isa = PBXFileReference; lastKnownFileType = wrapper; path = Plugins; sourceTree = "<group>"; };
		49AACD5F24CE303E0081DD4A /* InfoWindowController.swift */ = {isa = PBXFileReference; lastKnownFileType = sourcecode.swift; path = InfoWindowController.swift; sourceTree = "<group>"; usesTabs = 0; };
		49DB6A1B24F375A100BE0F0F /* OutlineController.swift */ = {isa = PBXFileReference; lastKnownFileType = sourcecode.swift; path = OutlineController.swift; sourceTree = "<group>"; usesTabs = 0; };
		49DB6A1D24F377A400BE0F0F /* CollectionController.swift */ = {isa = PBXFileReference; lastKnownFileType = sourcecode.swift; path = CollectionController.swift; sourceTree = "<group>"; usesTabs = 0; };
		49E56F7B26DA22FB005FA18B /* ConflictResolver.swift */ = {isa = PBXFileReference; lastKnownFileType = sourcecode.swift; path = ConflictResolver.swift; sourceTree = "<group>"; usesTabs = 0; };
		49E7A3B926D0E59100EF885F /* BulkController.swift */ = {isa = PBXFileReference; lastKnownFileType = sourcecode.swift; path = BulkController.swift; sourceTree = "<group>"; usesTabs = 0; };
		49F2EAAA26D5AB5E0020D70E /* StandardController.swift */ = {isa = PBXFileReference; lastKnownFileType = sourcecode.swift; path = StandardController.swift; sourceTree = "<group>"; usesTabs = 0; };
		49F416E22879330400404BA1 /* ImportPanel.swift */ = {isa = PBXFileReference; lastKnownFileType = sourcecode.swift; path = ImportPanel.swift; sourceTree = "<group>"; usesTabs = 0; };
		49F464712E4879EC003C732F /* HexFiend_2.xcodeproj */ = {isa = PBXFileReference; lastKnownFileType = "wrapper.pb-project"; name = HexFiend_2.xcodeproj; path = HexFiend/HexFiend_2.xcodeproj; sourceTree = "<group>"; };
		49F464922E487B72003C732F /* HexEditor.swift */ = {isa = PBXFileReference; lastKnownFileType = sourcecode.swift; path = HexEditor.swift; sourceTree = "<group>"; };
		49F464932E487B72003C732F /* HexWindow.xib */ = {isa = PBXFileReference; lastKnownFileType = file.xib; path = HexWindow.xib; sourceTree = "<group>"; };
		49F56FCD2A830C4E00953A17 /* ClassicFormat.swift */ = {isa = PBXFileReference; lastKnownFileType = sourcecode.swift; path = ClassicFormat.swift; sourceTree = "<group>"; usesTabs = 0; };
		49F570022A844EFF00953A17 /* ResourceFileFormat.swift */ = {isa = PBXFileReference; lastKnownFileType = sourcecode.swift; path = ResourceFileFormat.swift; sourceTree = "<group>"; usesTabs = 0; };
		49F570052A845D5E00953A17 /* RezFormat.swift */ = {isa = PBXFileReference; lastKnownFileType = sourcecode.swift; path = RezFormat.swift; sourceTree = "<group>"; usesTabs = 0; };
		49F6C76024C577430078EB55 /* PrefsController.swift */ = {isa = PBXFileReference; lastKnownFileType = sourcecode.swift; path = PrefsController.swift; sourceTree = "<group>"; usesTabs = 0; };
		49F6C76124C577440078EB55 /* ApplicationDelegate.swift */ = {isa = PBXFileReference; lastKnownFileType = sourcecode.swift; path = ApplicationDelegate.swift; sourceTree = "<group>"; usesTabs = 0; };
		550B9046189A0360005AC38D /* Base */ = {isa = PBXFileReference; lastKnownFileType = file.xib; name = Base; path = Base.lproj/MainMenu.xib; sourceTree = "<group>"; };
		550B9047189A0360005AC38D /* Base */ = {isa = PBXFileReference; lastKnownFileType = file.xib; name = Base; path = Base.lproj/CreateResource.xib; sourceTree = "<group>"; };
		550B9048189A0360005AC38D /* Base */ = {isa = PBXFileReference; lastKnownFileType = file.xib; name = Base; path = Base.lproj/InfoWindow.xib; sourceTree = "<group>"; };
		550B9049189A0360005AC38D /* Base */ = {isa = PBXFileReference; lastKnownFileType = file.xib; name = Base; path = Base.lproj/PrefsWindow.xib; sourceTree = "<group>"; };
		550B904A189A0360005AC38D /* Base */ = {isa = PBXFileReference; lastKnownFileType = file.xib; name = Base; path = Base.lproj/ResourceDocument.xib; sourceTree = "<group>"; };
		550B904B189A0360005AC38D /* Base */ = {isa = PBXFileReference; lastKnownFileType = file.xib; name = Base; path = Base.lproj/ResourceItem.xib; sourceTree = "<group>"; };
		559DE9B3189D665000D55D3A /* Assets.xcassets */ = {isa = PBXFileReference; lastKnownFileType = folder.assetcatalog; path = Assets.xcassets; sourceTree = "<group>"; };
		E18BF58C069FEA1400F076B8 /* ResForge.app */ = {isa = PBXFileReference; explicitFileType = wrapper.application; includeInIndex = 0; path = ResForge.app; sourceTree = BUILT_PRODUCTS_DIR; };
		E18BF9D706A01A2200F076B8 /* Info.plist */ = {isa = PBXFileReference; fileEncoding = 30; lastKnownFileType = text.plist.xml; path = Info.plist; sourceTree = "<group>"; };
/* End PBXFileReference section */

/* Begin PBXFrameworksBuildPhase section */
		E18BF586069FEA1300F076B8 /* Frameworks */ = {
			isa = PBXFrameworksBuildPhase;
			buildActionMask = 2147483647;
			files = (
				49AA91E22DC08B89007944F6 /* ImageEditor in Frameworks */,
				4952BD4C26DD9356005DB6EB /* CSV in Frameworks */,
				49F4648D2E487A15003C732F /* HexFiend.framework in Frameworks */,
				49AA91FE2DC0A902007944F6 /* RFSupport in Frameworks */,
				498001B12DC05A6F006C39BE /* DialogEditor in Frameworks */,
				49D6D349271BAA9F002DEA97 /* OrderedCollections in Frameworks */,
				496107642DC0E71000D73B44 /* TemplateEditor in Frameworks */,
				49AA91E02DC08054007944F6 /* NovaTools in Frameworks */,
				49AA91E42DC08DE1007944F6 /* MenuEditor in Frameworks */,
				49AA91E62DC08EC2007944F6 /* SoundEditor in Frameworks */,
			);
			runOnlyForDeploymentPostprocessing = 0;
		};
/* End PBXFrameworksBuildPhase section */

/* Begin PBXGroup section */
		493CC3B4270AE9FA00A9173E /* Frameworks */ = {
			isa = PBXGroup;
			children = (
			);
			name = Frameworks;
			sourceTree = "<group>";
		};
		4996B8E725DB6A3A0027FA39 /* ResForge */ = {
			isa = PBXGroup;
			children = (
				E18BF9D706A01A2200F076B8 /* Info.plist */,
				559DE9B3189D665000D55D3A /* Assets.xcassets */,
				49F56FCC2A830C3600953A17 /* Formats */,
				F5B5881C0156D40B01000001 /* Classes */,
				F5B588350156D40B01000001 /* Resources */,
				49F464942E487B72003C732F /* HexEditor */,
			);
			path = ResForge;
			sourceTree = "<group>";
		};
		49F464722E4879EC003C732F /* Products */ = {
			isa = PBXGroup;
			children = (
				49F4647E2E4879EC003C732F /* Hex Fiend.app */,
				49F464802E4879EC003C732F /* HexFiend.framework */,
				49F464822E4879EC003C732F /* HexFiend_Framework_iOS.framework */,
				49F464842E4879EC003C732F /* com.ridiculousfish.HexFiend.PrivilegedHelper */,
				49F464862E4879EC003C732F /* HexFiendling.app */,
				49F464882E4879EC003C732F /* HexFiend_Framework Tests.xctest */,
				49F4648A2E4879EC003C732F /* hexf */,
				49F4648C2E4879EC003C732F /* Hex Fiend Tests.xctest */,
			);
			name = Products;
			sourceTree = "<group>";
		};
		49F464942E487B72003C732F /* HexEditor */ = {
			isa = PBXGroup;
			children = (
				49F464922E487B72003C732F /* HexEditor.swift */,
				49F464932E487B72003C732F /* HexWindow.xib */,
			);
			path = HexEditor;
			sourceTree = "<group>";
		};
		49F56FCC2A830C3600953A17 /* Formats */ = {
			isa = PBXGroup;
			children = (
				49F570022A844EFF00953A17 /* ResourceFileFormat.swift */,
				49F56FCD2A830C4E00953A17 /* ClassicFormat.swift */,
				49F570052A845D5E00953A17 /* RezFormat.swift */,
				496669C02A8B5D71008DCC36 /* ExtendedFormat.swift */,
				498F2D702A9344AF001EC34E /* MacBinaryFormat.swift */,
				4982C09D2A97F653006B7404 /* AppleSingleFormat.swift */,
				4982C0A92A9844BB006B7404 /* AppleDoubleFormat.swift */,
			);
			path = Formats;
			sourceTree = "<group>";
		};
		F5B588100156D2A601000001 = {
			isa = PBXGroup;
			children = (
				49AA91DE2DC07F7E007944F6 /* Plugins */,
				498001AB2DC0568E006C39BE /* .gitignore */,
				498A02C225C3E4B500783776 /* README.md */,
				4996B8F425DB6AC80027FA39 /* LICENSE */,
				4996B8E725DB6A3A0027FA39 /* ResForge */,
				49F464712E4879EC003C732F /* HexFiend_2.xcodeproj */,
				F5B588110156D30301000001 /* Products */,
				493CC3B4270AE9FA00A9173E /* Frameworks */,
			);
			sourceTree = "<group>";
			usesTabs = 0;
		};
		F5B588110156D30301000001 /* Products */ = {
			isa = PBXGroup;
			children = (
				E18BF58C069FEA1400F076B8 /* ResForge.app */,
			);
			name = Products;
			sourceTree = "<group>";
		};
		F5B5881C0156D40B01000001 /* Classes */ = {
			isa = PBXGroup;
			children = (
				49F6C76124C577440078EB55 /* ApplicationDelegate.swift */,
				49E7A3B926D0E59100EF885F /* BulkController.swift */,
				49DB6A1D24F377A400BE0F0F /* CollectionController.swift */,
				49E56F7B26DA22FB005FA18B /* ConflictResolver.swift */,
				499216ED24CB914F0054A390 /* CreateResourceController.swift */,
				4968C03424C66D8B00716AB9 /* EditorManager.swift */,
				49F416E22879330400404BA1 /* ImportPanel.swift */,
				49AACD5F24CE303E0081DD4A /* InfoWindowController.swift */,
				4962BCD224C6D19A00990DA0 /* OpenPanelDelegate.swift */,
				49DB6A1B24F375A100BE0F0F /* OutlineController.swift */,
				49F6C76024C577430078EB55 /* PrefsController.swift */,
				49964E1824D12FFC00BAB902 /* ResourceDataSource.swift */,
				49655DFB24DF94B500D6AFF6 /* ResourceDirectory.swift */,
				49655DF724DE6D5600D6AFF6 /* ResourceDocument.swift */,
				49655DF924DE6DA200D6AFF6 /* ResourceExtension.swift */,
				491EDA5224E37E34008E58CB /* SelectTemplateController.swift */,
				49F2EAAA26D5AB5E0020D70E /* StandardController.swift */,
				4968C03E24C78D7400716AB9 /* SupportRegistry.swift */,
				493074162BF09624001FFB76 /* TemplateDocument.swift */,
				4992491926C3B527005F69A7 /* TypeAttributesEditor.swift */,
			);
			path = Classes;
			sourceTree = "<group>";
		};
		F5B588350156D40B01000001 /* Resources */ = {
			isa = PBXGroup;
			children = (
				4996B90725DB6C2F0027FA39 /* Credits.rtf */,
				B229EEEA15A4FB6F0032C12C /* MainMenu.xib */,
				B229EEEC15A4FB6F0032C12C /* CreateResource.xib */,
				B229EEEE15A4FB6F0032C12C /* InfoWindow.xib */,
				B229EEF015A4FB6F0032C12C /* PrefsWindow.xib */,
				B229EEF215A4FB6F0032C12C /* ResourceDocument.xib */,
				B2B3CEA816B9DCE90027F33F /* ResourceItem.xib */,
				497A93E0255F371100900C7B /* SelectTemplate.xib */,
			);
			path = Resources;
			sourceTree = "<group>";
		};
/* End PBXGroup section */

/* Begin PBXNativeTarget section */
		E18BF537069FEA1300F076B8 /* ResForge */ = {
			isa = PBXNativeTarget;
			buildConfigurationList = E13F7ED908F0411100E2A5CB /* Build configuration list for PBXNativeTarget "ResForge" */;
			buildPhases = (
				E18BF553069FEA1300F076B8 /* Resources */,
				E1EAB18D06A20EEB0041EE35 /* Copy Plugins */,
				E18BF56F069FEA1300F076B8 /* Sources */,
				E18BF586069FEA1300F076B8 /* Frameworks */,
				49F4648F2E487A15003C732F /* Embed Frameworks */,
			);
			buildRules = (
			);
			dependencies = (
			);
			name = ResForge;
			packageProductDependencies = (
				4952BD4B26DD9356005DB6EB /* CSV */,
				49D6D348271BAA9F002DEA97 /* OrderedCollections */,
				498001B02DC05A6F006C39BE /* DialogEditor */,
				49AA91DF2DC08054007944F6 /* NovaTools */,
				49AA91E12DC08B89007944F6 /* ImageEditor */,
				49AA91E32DC08DE1007944F6 /* MenuEditor */,
				49AA91E52DC08EC2007944F6 /* SoundEditor */,
				49AA91FD2DC0A902007944F6 /* RFSupport */,
				496107632DC0E71000D73B44 /* TemplateEditor */,
			);
			productInstallPath = "$(USER_APPS_DIR)";
			productName = ResForge;
			productReference = E18BF58C069FEA1400F076B8 /* ResForge.app */;
			productType = "com.apple.product-type.application";
		};
/* End PBXNativeTarget section */

/* Begin PBXProject section */
		F5B5880F0156D2A601000001 /* Project object */ = {
			isa = PBXProject;
			attributes = {
				BuildIndependentTargetsInParallel = YES;
				LastUpgradeCheck = 1610;
				TargetAttributes = {
					E18BF537069FEA1300F076B8 = {
						LastSwiftMigration = 1160;
					};
				};
			};
			buildConfigurationList = E13F7F0508F0411100E2A5CB /* Build configuration list for PBXProject "ResForge" */;
			developmentRegion = en;
			hasScannedForEncodings = 1;
			knownRegions = (
				Base,
				en,
			);
			mainGroup = F5B588100156D2A601000001;
			packageReferences = (
				4952BD4A26DD9356005DB6EB /* XCRemoteSwiftPackageReference "CSV.swift" */,
				493CC3A9270AE8CA00A9173E /* XCRemoteSwiftPackageReference "swift-collections" */,
			);
			preferredProjectObjectVersion = 77;
			productRefGroup = F5B588110156D30301000001 /* Products */;
			projectDirPath = "";
			projectReferences = (
				{
					ProductGroup = 49F464722E4879EC003C732F /* Products */;
					ProjectRef = 49F464712E4879EC003C732F /* HexFiend_2.xcodeproj */;
				},
			);
			projectRoot = "";
			targets = (
				E18BF537069FEA1300F076B8 /* ResForge */,
			);
		};
/* End PBXProject section */

/* Begin PBXReferenceProxy section */
		49F4647E2E4879EC003C732F /* Hex Fiend.app */ = {
			isa = PBXReferenceProxy;
			fileType = wrapper.application;
			path = "Hex Fiend.app";
			remoteRef = 49F4647D2E4879EC003C732F /* PBXContainerItemProxy */;
			sourceTree = BUILT_PRODUCTS_DIR;
		};
		49F464802E4879EC003C732F /* HexFiend.framework */ = {
			isa = PBXReferenceProxy;
			fileType = wrapper.framework;
			path = HexFiend.framework;
			remoteRef = 49F4647F2E4879EC003C732F /* PBXContainerItemProxy */;
			sourceTree = BUILT_PRODUCTS_DIR;
		};
		49F464822E4879EC003C732F /* HexFiend_Framework_iOS.framework */ = {
			isa = PBXReferenceProxy;
			fileType = wrapper.framework;
			path = HexFiend_Framework_iOS.framework;
			remoteRef = 49F464812E4879EC003C732F /* PBXContainerItemProxy */;
			sourceTree = BUILT_PRODUCTS_DIR;
		};
		49F464842E4879EC003C732F /* com.ridiculousfish.HexFiend.PrivilegedHelper */ = {
			isa = PBXReferenceProxy;
			fileType = "compiled.mach-o.executable";
			path = com.ridiculousfish.HexFiend.PrivilegedHelper;
			remoteRef = 49F464832E4879EC003C732F /* PBXContainerItemProxy */;
			sourceTree = BUILT_PRODUCTS_DIR;
		};
		49F464862E4879EC003C732F /* HexFiendling.app */ = {
			isa = PBXReferenceProxy;
			fileType = wrapper.application;
			path = HexFiendling.app;
			remoteRef = 49F464852E4879EC003C732F /* PBXContainerItemProxy */;
			sourceTree = BUILT_PRODUCTS_DIR;
		};
		49F464882E4879EC003C732F /* HexFiend_Framework Tests.xctest */ = {
			isa = PBXReferenceProxy;
			fileType = wrapper.cfbundle;
			path = "HexFiend_Framework Tests.xctest";
			remoteRef = 49F464872E4879EC003C732F /* PBXContainerItemProxy */;
			sourceTree = BUILT_PRODUCTS_DIR;
		};
		49F4648A2E4879EC003C732F /* hexf */ = {
			isa = PBXReferenceProxy;
			fileType = "compiled.mach-o.executable";
			path = hexf;
			remoteRef = 49F464892E4879EC003C732F /* PBXContainerItemProxy */;
			sourceTree = BUILT_PRODUCTS_DIR;
		};
		49F4648C2E4879EC003C732F /* Hex Fiend Tests.xctest */ = {
			isa = PBXReferenceProxy;
			fileType = wrapper.cfbundle;
			path = "Hex Fiend Tests.xctest";
			remoteRef = 49F4648B2E4879EC003C732F /* PBXContainerItemProxy */;
			sourceTree = BUILT_PRODUCTS_DIR;
		};
/* End PBXReferenceProxy section */

/* Begin PBXResourcesBuildPhase section */
		E18BF553069FEA1300F076B8 /* Resources */ = {
			isa = PBXResourcesBuildPhase;
			buildActionMask = 2147483647;
			files = (
				4968368924F224FB009BDBBE /* ResourceItem.xib in Resources */,
				B229EEF515A4FB6F0032C12C /* MainMenu.xib in Resources */,
				B229EEF615A4FB6F0032C12C /* CreateResource.xib in Resources */,
				49F464962E487B72003C732F /* HexWindow.xib in Resources */,
				559DE9B4189D665000D55D3A /* Assets.xcassets in Resources */,
				4996B90925DB6C2F0027FA39 /* Credits.rtf in Resources */,
				B229EEF715A4FB6F0032C12C /* InfoWindow.xib in Resources */,
				B229EEF815A4FB6F0032C12C /* PrefsWindow.xib in Resources */,
				497A93DE255F371100900C7B /* SelectTemplate.xib in Resources */,
				B229EEF915A4FB6F0032C12C /* ResourceDocument.xib in Resources */,
			);
			runOnlyForDeploymentPostprocessing = 0;
		};
/* End PBXResourcesBuildPhase section */

/* Begin PBXSourcesBuildPhase section */
		E18BF56F069FEA1300F076B8 /* Sources */ = {
			isa = PBXSourcesBuildPhase;
			buildActionMask = 2147483647;
			files = (
				49F570032A844EFF00953A17 /* ResourceFileFormat.swift in Sources */,
				4968C03724C67B6E00716AB9 /* ApplicationDelegate.swift in Sources */,
				49F2EAA526D50F4B0020D70E /* BulkController.swift in Sources */,
				49F2EAAB26D5AB5E0020D70E /* StandardController.swift in Sources */,
				49F6C76324C579820078EB55 /* PrefsController.swift in Sources */,
				49655DFA24DE6DA200D6AFF6 /* ResourceExtension.swift in Sources */,
				491EDA5324E37E34008E58CB /* SelectTemplateController.swift in Sources */,
				498F2D712A9344AF001EC34E /* MacBinaryFormat.swift in Sources */,
				49DB6A1E24F377A400BE0F0F /* CollectionController.swift in Sources */,
				49655DF824DE6D5600D6AFF6 /* ResourceDocument.swift in Sources */,
				496669C12A8B5D71008DCC36 /* ExtendedFormat.swift in Sources */,
				49F56FCE2A830C4E00953A17 /* ClassicFormat.swift in Sources */,
				4968C03B24C6808200716AB9 /* EditorManager.swift in Sources */,
				49F416EB2879330400404BA1 /* ImportPanel.swift in Sources */,
				49F464952E487B72003C732F /* HexEditor.swift in Sources */,
				49DB6A1C24F375A100BE0F0F /* OutlineController.swift in Sources */,
				4982C09E2A97F653006B7404 /* AppleSingleFormat.swift in Sources */,
				4962BCD324C6D19A00990DA0 /* OpenPanelDelegate.swift in Sources */,
				493074172BF09624001FFB76 /* TemplateDocument.swift in Sources */,
				49AA1E662DC06EA80065E1C7 /* SupportRegistry.swift in Sources */,
				49964E1924D12FFC00BAB902 /* ResourceDataSource.swift in Sources */,
				49F570062A845D5E00953A17 /* RezFormat.swift in Sources */,
				49655DFC24DF94B500D6AFF6 /* ResourceDirectory.swift in Sources */,
				499216EE24CB914F0054A390 /* CreateResourceController.swift in Sources */,
				4982C0AA2A9844BB006B7404 /* AppleDoubleFormat.swift in Sources */,
				492722AC24CF89C200819E32 /* InfoWindowController.swift in Sources */,
				4992491A26C3B527005F69A7 /* TypeAttributesEditor.swift in Sources */,
				49E56F7C26DA22FB005FA18B /* ConflictResolver.swift in Sources */,
			);
			runOnlyForDeploymentPostprocessing = 0;
		};
/* End PBXSourcesBuildPhase section */

/* Begin PBXVariantGroup section */
		497A93E0255F371100900C7B /* SelectTemplate.xib */ = {
			isa = PBXVariantGroup;
			children = (
				497A93DF255F371100900C7B /* Base */,
			);
			name = SelectTemplate.xib;
			sourceTree = "<group>";
		};
		4996B90725DB6C2F0027FA39 /* Credits.rtf */ = {
			isa = PBXVariantGroup;
			children = (
				4996B91125DB6C870027FA39 /* en */,
			);
			name = Credits.rtf;
			sourceTree = "<group>";
		};
		B229EEEA15A4FB6F0032C12C /* MainMenu.xib */ = {
			isa = PBXVariantGroup;
			children = (
				550B9046189A0360005AC38D /* Base */,
			);
			name = MainMenu.xib;
			sourceTree = "<group>";
		};
		B229EEEC15A4FB6F0032C12C /* CreateResource.xib */ = {
			isa = PBXVariantGroup;
			children = (
				550B9047189A0360005AC38D /* Base */,
			);
			name = CreateResource.xib;
			sourceTree = "<group>";
		};
		B229EEEE15A4FB6F0032C12C /* InfoWindow.xib */ = {
			isa = PBXVariantGroup;
			children = (
				550B9048189A0360005AC38D /* Base */,
			);
			name = InfoWindow.xib;
			sourceTree = "<group>";
		};
		B229EEF015A4FB6F0032C12C /* PrefsWindow.xib */ = {
			isa = PBXVariantGroup;
			children = (
				550B9049189A0360005AC38D /* Base */,
			);
			name = PrefsWindow.xib;
			sourceTree = "<group>";
		};
		B229EEF215A4FB6F0032C12C /* ResourceDocument.xib */ = {
			isa = PBXVariantGroup;
			children = (
				550B904A189A0360005AC38D /* Base */,
			);
			name = ResourceDocument.xib;
			sourceTree = "<group>";
		};
		B2B3CEA816B9DCE90027F33F /* ResourceItem.xib */ = {
			isa = PBXVariantGroup;
			children = (
				550B904B189A0360005AC38D /* Base */,
			);
			name = ResourceItem.xib;
			sourceTree = "<group>";
		};
/* End PBXVariantGroup section */

/* Begin XCBuildConfiguration section */
		E13F7EDA08F0411100E2A5CB /* Debug */ = {
			isa = XCBuildConfiguration;
			buildSettings = {
				ASSETCATALOG_COMPILER_APPICON_NAME = ResForge;
				DEAD_CODE_STRIPPING = YES;
				INFOPLIST_FILE = ResForge/Info.plist;
				INFOPLIST_KEY_LSApplicationCategoryType = "public.app-category.developer-tools";
				LD_RUNPATH_SEARCH_PATHS = "@executable_path/../Frameworks";
				MACOSX_DEPLOYMENT_TARGET = 11.5;
				MARKETING_VERSION = 1.5;
				PRODUCT_BUNDLE_IDENTIFIER = com.resforge.ResForge;
				PRODUCT_NAME = ResForge;
			};
			name = Debug;
		};
		E13F7EDB08F0411100E2A5CB /* Release */ = {
			isa = XCBuildConfiguration;
			buildSettings = {
				ASSETCATALOG_COMPILER_APPICON_NAME = ResForge;
				DEAD_CODE_STRIPPING = YES;
				INFOPLIST_FILE = ResForge/Info.plist;
				INFOPLIST_KEY_LSApplicationCategoryType = "public.app-category.developer-tools";
				LD_RUNPATH_SEARCH_PATHS = "@executable_path/../Frameworks";
				MACOSX_DEPLOYMENT_TARGET = 11.5;
				MARKETING_VERSION = 1.5;
				PRODUCT_BUNDLE_IDENTIFIER = com.resforge.ResForge;
				PRODUCT_NAME = ResForge;
			};
			name = Release;
		};
		E13F7F0608F0411100E2A5CB /* Debug */ = {
			isa = XCBuildConfiguration;
			buildSettings = {
				ASSETCATALOG_COMPILER_GENERATE_SWIFT_ASSET_SYMBOL_EXTENSIONS = YES;
				CLANG_ANALYZER_LOCALIZABILITY_NONLOCALIZED = YES;
				CLANG_ENABLE_MODULES = YES;
				CLANG_ENABLE_OBJC_ARC = YES;
				CLANG_WARN_BLOCK_CAPTURE_AUTORELEASING = YES;
				CLANG_WARN_COMMA = YES;
				CLANG_WARN_DEPRECATED_OBJC_IMPLEMENTATIONS = YES;
				CLANG_WARN_EMPTY_BODY = YES;
				CLANG_WARN_INFINITE_RECURSION = YES;
				CLANG_WARN_OBJC_IMPLICIT_RETAIN_SELF = YES;
				CLANG_WARN_QUOTED_INCLUDE_IN_FRAMEWORK_HEADER = YES;
				CLANG_WARN_RANGE_LOOP_ANALYSIS = YES;
				CLANG_WARN_STRICT_PROTOTYPES = YES;
				CLANG_WARN_SUSPICIOUS_IMPLICIT_CONVERSION = YES;
				CLANG_WARN_SUSPICIOUS_MOVE = YES;
				CLANG_WARN_UNREACHABLE_CODE = YES;
				CLANG_WARN__DUPLICATE_METHOD_MATCH = YES;
				CODE_SIGN_STYLE = Manual;
				COMBINE_HIDPI_IMAGES = YES;
				COPY_PHASE_STRIP = NO;
				DEAD_CODE_STRIPPING = YES;
				DEBUG_INFORMATION_FORMAT = dwarf;
				ENABLE_HARDENED_RUNTIME = YES;
				ENABLE_STRICT_OBJC_MSGSEND = YES;
				ENABLE_TESTABILITY = YES;
				ENABLE_USER_SCRIPT_SANDBOXING = YES;
				GCC_C_LANGUAGE_STANDARD = gnu11;
				GCC_NO_COMMON_BLOCKS = YES;
				GCC_OPTIMIZATION_LEVEL = 0;
				GCC_PREPROCESSOR_DEFINITIONS = (
					"DEBUG=1",
					"$(inherited)",
				);
				GCC_WARN_64_TO_32_BIT_CONVERSION = YES;
				GCC_WARN_ABOUT_RETURN_TYPE = YES_ERROR;
				GCC_WARN_UNDECLARED_SELECTOR = YES;
				GCC_WARN_UNINITIALIZED_AUTOS = YES_AGGRESSIVE;
				GCC_WARN_UNUSED_FUNCTION = YES;
				GCC_WARN_UNUSED_VARIABLE = YES;
				MACOSX_DEPLOYMENT_TARGET = 10.15;
				ONLY_ACTIVE_ARCH = YES;
				SDKROOT = macosx;
				STRINGS_FILE_OUTPUT_ENCODING = binary;
				SWIFT_OPTIMIZATION_LEVEL = "-Onone";
				SWIFT_VERSION = 5.0;
			};
			name = Debug;
		};
		E13F7F0708F0411100E2A5CB /* Release */ = {
			isa = XCBuildConfiguration;
			buildSettings = {
				ASSETCATALOG_COMPILER_GENERATE_SWIFT_ASSET_SYMBOL_EXTENSIONS = YES;
				CLANG_ANALYZER_LOCALIZABILITY_NONLOCALIZED = YES;
				CLANG_ENABLE_MODULES = YES;
				CLANG_ENABLE_OBJC_ARC = YES;
				CLANG_WARN_BLOCK_CAPTURE_AUTORELEASING = YES;
				CLANG_WARN_COMMA = YES;
				CLANG_WARN_DEPRECATED_OBJC_IMPLEMENTATIONS = YES;
				CLANG_WARN_EMPTY_BODY = YES;
				CLANG_WARN_INFINITE_RECURSION = YES;
				CLANG_WARN_OBJC_IMPLICIT_RETAIN_SELF = YES;
				CLANG_WARN_QUOTED_INCLUDE_IN_FRAMEWORK_HEADER = YES;
				CLANG_WARN_RANGE_LOOP_ANALYSIS = YES;
				CLANG_WARN_STRICT_PROTOTYPES = YES;
				CLANG_WARN_SUSPICIOUS_IMPLICIT_CONVERSION = YES;
				CLANG_WARN_SUSPICIOUS_MOVE = YES;
				CLANG_WARN_UNREACHABLE_CODE = YES;
				CLANG_WARN__DUPLICATE_METHOD_MATCH = YES;
				CODE_SIGN_IDENTITY = "Developer ID Application";
				CODE_SIGN_STYLE = Manual;
				COMBINE_HIDPI_IMAGES = YES;
				COPY_PHASE_STRIP = NO;
				DEAD_CODE_STRIPPING = YES;
				DEBUG_INFORMATION_FORMAT = "dwarf-with-dsym";
				DEVELOPMENT_TEAM = 78M756C92G;
				ENABLE_HARDENED_RUNTIME = YES;
				ENABLE_STRICT_OBJC_MSGSEND = YES;
				ENABLE_USER_SCRIPT_SANDBOXING = YES;
				GCC_C_LANGUAGE_STANDARD = gnu11;
				GCC_NO_COMMON_BLOCKS = YES;
				GCC_WARN_64_TO_32_BIT_CONVERSION = YES;
				GCC_WARN_ABOUT_RETURN_TYPE = YES_ERROR;
				GCC_WARN_UNDECLARED_SELECTOR = YES;
				GCC_WARN_UNINITIALIZED_AUTOS = YES_AGGRESSIVE;
				GCC_WARN_UNUSED_FUNCTION = YES;
				GCC_WARN_UNUSED_VARIABLE = YES;
				LLVM_LTO = YES;
				MACOSX_DEPLOYMENT_TARGET = 10.15;
				SDKROOT = macosx;
				STRINGS_FILE_OUTPUT_ENCODING = binary;
				SWIFT_COMPILATION_MODE = wholemodule;
				SWIFT_VERSION = 5.0;
			};
			name = Release;
		};
/* End XCBuildConfiguration section */

/* Begin XCConfigurationList section */
		E13F7ED908F0411100E2A5CB /* Build configuration list for PBXNativeTarget "ResForge" */ = {
			isa = XCConfigurationList;
			buildConfigurations = (
				E13F7EDA08F0411100E2A5CB /* Debug */,
				E13F7EDB08F0411100E2A5CB /* Release */,
			);
			defaultConfigurationIsVisible = 0;
			defaultConfigurationName = Debug;
		};
		E13F7F0508F0411100E2A5CB /* Build configuration list for PBXProject "ResForge" */ = {
			isa = XCConfigurationList;
			buildConfigurations = (
				E13F7F0608F0411100E2A5CB /* Debug */,
				E13F7F0708F0411100E2A5CB /* Release */,
			);
			defaultConfigurationIsVisible = 0;
			defaultConfigurationName = Debug;
		};
/* End XCConfigurationList section */

/* Begin XCRemoteSwiftPackageReference section */
		493CC3A9270AE8CA00A9173E /* XCRemoteSwiftPackageReference "swift-collections" */ = {
			isa = XCRemoteSwiftPackageReference;
			repositoryURL = "https://github.com/apple/swift-collections.git";
			requirement = {
				kind = upToNextMajorVersion;
				minimumVersion = 1.0.0;
			};
		};
		4952BD4A26DD9356005DB6EB /* XCRemoteSwiftPackageReference "CSV.swift" */ = {
			isa = XCRemoteSwiftPackageReference;
			repositoryURL = "https://github.com/yaslab/CSV.swift.git";
			requirement = {
				kind = upToNextMajorVersion;
				minimumVersion = 2.4.3;
			};
		};
/* End XCRemoteSwiftPackageReference section */

/* Begin XCSwiftPackageProductDependency section */
		4952BD4B26DD9356005DB6EB /* CSV */ = {
			isa = XCSwiftPackageProductDependency;
			package = 4952BD4A26DD9356005DB6EB /* XCRemoteSwiftPackageReference "CSV.swift" */;
			productName = CSV;
		};
		496107632DC0E71000D73B44 /* TemplateEditor */ = {
			isa = XCSwiftPackageProductDependency;
			productName = TemplateEditor;
		};
		498001B02DC05A6F006C39BE /* DialogEditor */ = {
			isa = XCSwiftPackageProductDependency;
			productName = DialogEditor;
		};
		49AA91DF2DC08054007944F6 /* NovaTools */ = {
			isa = XCSwiftPackageProductDependency;
			productName = NovaTools;
		};
		49AA91E12DC08B89007944F6 /* ImageEditor */ = {
			isa = XCSwiftPackageProductDependency;
			productName = ImageEditor;
		};
		49AA91E32DC08DE1007944F6 /* MenuEditor */ = {
			isa = XCSwiftPackageProductDependency;
			productName = MenuEditor;
		};
		49AA91E52DC08EC2007944F6 /* SoundEditor */ = {
			isa = XCSwiftPackageProductDependency;
			productName = SoundEditor;
		};
		49AA91FD2DC0A902007944F6 /* RFSupport */ = {
			isa = XCSwiftPackageProductDependency;
			productName = RFSupport;
		};
		49D6D348271BAA9F002DEA97 /* OrderedCollections */ = {
			isa = XCSwiftPackageProductDependency;
			package = 493CC3A9270AE8CA00A9173E /* XCRemoteSwiftPackageReference "swift-collections" */;
			productName = OrderedCollections;
		};
/* End XCSwiftPackageProductDependency section */
	};
	rootObject = F5B5880F0156D2A601000001 /* Project object */;
}
